{
  "lockfileVersion": 2,
  "configVersion": 1,
  "workspaces": {
    "": {
      "name": "@briar/managed-computer-provider-runtime",
      "dependencies": {
        "@anthropic-ai/claude-code": "2.1.243",
        "@openai/codex": "0.149.1",
        "@wordbricks/velen": "0.2.44",
        "agent-browser": "0.34.0",
      },
    },
  },
  "packages": {
    "@anthropic-ai/claude-code": ["@anthropic-ai/claude-code@2.1.243", "", { "optionalDependencies": { "@anthropic-ai/claude-code-darwin-arm64": "2.1.243", "@anthropic-ai/claude-code-darwin-x64": "2.1.243", "@anthropic-ai/claude-code-linux-arm64": "2.1.243", "@anthropic-ai/claude-code-linux-arm64-musl": "2.1.243", "@anthropic-ai/claude-code-linux-x64": "2.1.243", "@anthropic-ai/claude-code-linux-x64-musl": "2.1.243", "@anthropic-ai/claude-code-win32-arm64": "2.1.243", "@anthropic-ai/claude-code-win32-x64": "2.1.243" }, "bin": { "claude": "bin/claude.exe" } }, "sha512-akByOU+klFON4/Ob6RMGeXvS2G+NMaPfNAtG4whrmoGjhNtkGcHzLiGB0VFVtVj9mbnHZ7OSM1/LPwANWeJVIg=="],

    "@anthropic-ai/claude-code-darwin-arm64": ["@anthropic-ai/claude-code-darwin-arm64@2.1.243", "", { "os": "darwin", "cpu": "arm64" }, "sha512-2OZNo+OK6FpryjC3N+n+DCKLHkzqMf7+J6vCRe6WyWoBlScD+S7e1Pe1GNyoeykXJREt/XWCAk8QBqT89h5N9w=="],

    "@anthropic-ai/claude-code-darwin-x64": ["@anthropic-ai/claude-code-darwin-x64@2.1.243", "", { "os": "darwin", "cpu": "x64" }, "sha512-o4Oj8rhxGTdE6ky7BIUFfxcAjnwA0rjcCSVSJGDi/3bhcXucz4nqlu+7dCdH2BOHJA8eSVeiIBFe26HwpqhVSQ=="],

    "@anthropic-ai/claude-code-linux-arm64": ["@anthropic-ai/claude-code-linux-arm64@2.1.243", "", { "os": "linux", "cpu": "arm64" }, "sha512-Lqb0HG/j7PlLGiQ/3zfxRfWCfBFqNzIGkHrl39urB3mSXHIDt6wtoJVRyHR1xvwpf9vBel/L6ESNACA23cUNaw=="],

    "@anthropic-ai/claude-code-linux-arm64-musl": ["@anthropic-ai/claude-code-linux-arm64-musl@2.1.243", "", { "os": "linux", "cpu": "arm64" }, "sha512-9VUEvM9CZyZwtqNc1i88U5j7C71vp58VhJ0ihlvXMwgx4IPiQq/IEkZEltJbBe8lID2MNzkoPDxNhzsne5nobw=="],

    "@anthropic-ai/claude-code-linux-x64": ["@anthropic-ai/claude-code-linux-x64@2.1.243", "", { "os": "linux", "cpu": "x64" }, "sha512-0IWHHChk350ASg7tbqIfsULb8WV+/h/H5bclj1dqv5Ey6tBRVPGj3sjCKvcvazzXhYWaoDxJHP98/+7EuJkKxQ=="],

    "@anthropic-ai/claude-code-linux-x64-musl": ["@anthropic-ai/claude-code-linux-x64-musl@2.1.243", "", { "os": "linux", "cpu": "x64" }, "sha512-lj36JZjt3aveTXsuA0469xNeoWB9WqFM+c3TeR51+aeW5WzVr5Qq0vRY2GSI0j5NLpS2eJebpg9y2Fl92iHLiQ=="],

    "@anthropic-ai/claude-code-win32-arm64": ["@anthropic-ai/claude-code-win32-arm64@2.1.243", "", { "os": "win32", "cpu": "arm64" }, "sha512-8gYdANQQGZ6rDfBz/4j028dGJ5iwFp8A8Hkr8YbCPGSs124Ge6QauFCFxneHem101B4Qzw7+7WEia9ExLgUpQA=="],

    "@anthropic-ai/claude-code-win32-x64": ["@anthropic-ai/claude-code-win32-x64@2.1.243", "", { "os": "win32", "cpu": "x64" }, "sha512-OMkjQZ0yVTLKLMNUgvHMsspdKbChGgZpy0baoGIUq3BFCw6usk0C8/0tgR+OorvYfj6I6zaIIshYnD0B7VsLDA=="],

    "@openai/codex": ["@openai/codex@0.149.1", "", { "optionalDependencies": { "@openai/codex-darwin-arm64": "npm:@openai/codex@0.149.1-darwin-arm64", "@openai/codex-darwin-x64": "npm:@openai/codex@0.149.1-darwin-x64", "@openai/codex-linux-arm64": "npm:@openai/codex@0.149.1-linux-arm64", "@openai/codex-linux-x64": "npm:@openai/codex@0.149.1-linux-x64", "@openai/codex-win32-arm64": "npm:@openai/codex@0.149.1-win32-arm64", "@openai/codex-win32-x64": "npm:@openai/codex@0.149.1-win32-x64" }, "bin": { "codex": "bin/codex.js" } }, "sha512-6q5pbcpFbJbqOpkubSDBwXmktQ55aD8eUzGzBF1zASob2DjwhBKDSNGtdZKalfrNJUdTDTPDMmzCXEXs5tMBYA=="],

    "@openai/codex-darwin-arm64": ["@openai/codex@0.149.1-darwin-arm64", "", { "os": "darwin", "cpu": "arm64" }, "sha512-6X84kTCbnTgPIJ2EdcPsrvwS0Wxsqpa+bCswGmRf4BjhcQ5nPMnBC6yCAaCMj+vrbXQHj+L6sa9FaR4QkmA1qw=="],

    "@openai/codex-darwin-x64": ["@openai/codex@0.149.1-darwin-x64", "", { "os": "darwin", "cpu": "x64" }, "sha512-MfLBQLfcElJL9tvj6y45qVHHMGSXCPnQOixuD3/Zq0g1BW/eFizkrGLdn48cFpc+l8cK+gt5nYG5pQYwVs6g4A=="],

    "@openai/codex-linux-arm64": ["@openai/codex@0.149.1-linux-arm64", "", { "os": "linux", "cpu": "arm64" }, "sha512-OqxUfZ1TVvHd18zHPKK/8ZRlpk8Vy11mg5CMHaLxNWldTbwVImDKtSLWT+m8m4NM5Sz4PbjtZMrVT/RfpBW/mQ=="],

    "@openai/codex-linux-x64": ["@openai/codex@0.149.1-linux-x64", "", { "os": "linux", "cpu": "x64" }, "sha512-Of5fGYgr7tAMsyj6vhXb4/RM/UoA3Zq8BLegUBDC09UNy1XTLGYP/2XD+UX8z3qh0NDwxYdCjFIWdDNijKZggQ=="],

    "@openai/codex-win32-arm64": ["@openai/codex@0.149.1-win32-arm64", "", { "os": "win32", "cpu": "arm64" }, "sha512-5K0DmOKGK9Bos627p8sK8ATHjovPK0sDyT6h9Cb+4v+5CW5SGw1HLgjGxoLfJ8g3cg6mtg/pRCXXo2L/j71UVA=="],

    "@openai/codex-win32-x64": ["@openai/codex@0.149.1-win32-x64", "", { "os": "win32", "cpu": "x64" }, "sha512-G3QXGAg7nyyhqOeooAMUekBCeHd8a1QByhKcVAFyzNBaI06t6Ft7nsF+1SzFS0spuIdU4YyMi5YD26ukADBQUQ=="],

    "@wordbricks/velen": ["@wordbricks/velen@0.2.44", "", { "optionalDependencies": { "velen-darwin-arm64": "npm:@wordbricks/velen@0.2.44-darwin-arm64", "velen-linux-arm64": "npm:@wordbricks/velen@0.2.44-linux-arm64", "velen-linux-x64": "npm:@wordbricks/velen@0.2.44-linux-x64" }, "bin": { "velen": "bin/velen.js" } }, "sha512-J3n6y3vrpO561WemfZzaCWttEb1dmznze1YI8AIPB3HRj7Xcf3V+JHB+AaI7GAW/9tVnrFN5RShWV8d98rxS/Q=="],

    "agent-browser": ["agent-browser@0.34.0", "", { "bin": { "agent-browser": "./bin/agent-browser.js" } }, "sha512-eR6Ey4I/DMs9zZ60b3ziV6pgLIgpxXWzggr3dfFbtskLmeXPJAgXCIIwVL4PihVYJqEUpvWgUKlZ2CIjY1u44g=="],

    "velen-darwin-arm64": ["@wordbricks/velen@0.2.44-darwin-arm64", "", { "os": "darwin", "cpu": "arm64" }, "sha512-FWHxZPn3ufVBeA8M3Xxbkz82Z9jR0hucRStxi3q+YnSl8aV4vUjfobNqHte568OfCd6iH9+muS72f8ddOctGnQ=="],

    "velen-linux-arm64": ["@wordbricks/velen@0.2.44-linux-arm64", "", { "os": "linux", "cpu": "arm64" }, "sha512-6xtUiqKjyxb1JxQ8d9L51XioM20jGvOB3rifi7eQ7Cuu3OBK2VdSyyq6PQvLIImx1raSaXuyebnxF01DQwx1ew=="],

    "velen-linux-x64": ["@wordbricks/velen@0.2.44-linux-x64", "", { "os": "linux", "cpu": "x64" }, "sha512-a/IaK6CN5b3/s5/OBs1mv564vGJAwtgKkt8JLQE1+H1dJLM6SLsXRF3gskkbB3HlpJmQ94QSLVStIvWaj9A9IQ=="],
  }
}
